{
  "object": {
    "pins": [
      {
        "package": "Alamofire",
        "repositoryURL": "https://github.com/Alamofire/Alamofire.git",
        "state": {
          "branch": null,
          "revision": "d120af1e8638c7da36c8481fd61a66c0c08dc4fc",
          "version": "5.4.4"
        }
      },
      {
        "package": "Base",
        "repositoryURL": "https://gitee.com/egiosa/base.git",
        "state": {
          "branch": null,
          "revision": "f286194d56b4bc9f0d16801a32e3ff2a1858056c",
          "version": "0.1.2"
        }
      },
      {
        "package": "Kingfisher",
        "repositoryURL": "https://github.com/ze230123/Kingfisher.git",
        "state": {
          "branch": null,
          "revision": "8c65ddf756c633d01d9ae01092bf72f0c66dfc60",
          "version": "7.0.0"
        }
      },
      {
        "package": "Refresh",
        "repositoryURL": "https://gitee.com/egiosa/refresh.git",
        "state": {
          "branch": null,
          "revision": "239f8a695237c9cb58547d840435c270c5d4ffde",
          "version": "1.1.1"
        }
      }
    ]
  },
  "version": 1
}
